
Microsoft Visual Studio Solution File, Format Version 12.00
# Visual Studio 15
VisualStudioVersion = 15.0.28307.438
MinimumVisualStudioVersion = 10.0.40219.1
Project("{8BC9CEB8-8B4A-11D0-8D11-00A0C91BC942}") = "FFT2014", "FFT2014\FFT2014.vcxproj", "{1157EA2A-DB88-485B-827F-A564F90220B8}"
EndProject
Global
	GlobalSection(SolutionConfigurationPlatforms) = preSolution
		Debug|x64 = Debug|x64
		Debug|x86 = Debug|x86
		Release|x64 = Release|x64
		Release|x86 = Release|x86
	EndGlobalSection
	GlobalSection(ProjectConfigurationPlatforms) = postSolution
		{1157EA2A-DB88-485B-827F-A564F90220B8}.Debug|x64.ActiveCfg = Debug|x64
		{1157EA2A-DB88-485B-827F-A564F90220B8}.Debug|x64.Build.0 = Debug|x64
		{1157EA2A-DB88-485B-827F-A564F90220B8}.Debug|x86.ActiveCfg = Debug|Win32
		{1157EA2A-DB88-485B-827F-A564F90220B8}.Debug|x86.Build.0 = Debug|Win32
		{1157EA2A-DB88-485B-827F-A564F90220B8}.Release|x64.ActiveCfg = Release|x64
		{1157EA2A-DB88-485B-827F-A564F90220B8}.Release|x64.Build.0 = Release|x64
		{1157EA2A-DB88-485B-827F-A564F90220B8}.Release|x86.ActiveCfg = Release|Win32
		{1157EA2A-DB88-485B-827F-A564F90220B8}.Release|x86.Build.0 = Release|Win32
	EndGlobalSection
	GlobalSection(SolutionProperties) = preSolution
		HideSolutionNode = FALSE
	EndGlobalSection
	GlobalSection(ExtensibilityGlobals) = postSolution
		SolutionGuid = {23F3F80D-FE17-4C83-ADFD-C45E54E53EE5}
	EndGlobalSection
EndGlobal
