
Microsoft Visual Studio Solution File, Format Version 12.00
# Visual Studio 15
VisualStudioVersion = 15.0.28307.438
MinimumVisualStudioVersion = 10.0.40219.1
Project("{8BC9CEB8-8B4A-11D0-8D11-00A0C91BC942}") = "StudentScoreManagement", "StudentScoreManagement\StudentScoreManagement.vcxproj", "{DE39CA15-FF2B-4EE5-8535-D534C1C2084B}"
EndProject
Global
	GlobalSection(SolutionConfigurationPlatforms) = preSolution
		Debug|x64 = Debug|x64
		Debug|x86 = Debug|x86
		Release|x64 = Release|x64
		Release|x86 = Release|x86
	EndGlobalSection
	GlobalSection(ProjectConfigurationPlatforms) = postSolution
		{DE39CA15-FF2B-4EE5-8535-D534C1C2084B}.Debug|x64.ActiveCfg = Debug|x64
		{DE39CA15-FF2B-4EE5-8535-D534C1C2084B}.Debug|x64.Build.0 = Debug|x64
		{DE39CA15-FF2B-4EE5-8535-D534C1C2084B}.Debug|x86.ActiveCfg = Debug|Win32
		{DE39CA15-FF2B-4EE5-8535-D534C1C2084B}.Debug|x86.Build.0 = Debug|Win32
		{DE39CA15-FF2B-4EE5-8535-D534C1C2084B}.Release|x64.ActiveCfg = Release|x64
		{DE39CA15-FF2B-4EE5-8535-D534C1C2084B}.Release|x64.Build.0 = Release|x64
		{DE39CA15-FF2B-4EE5-8535-D534C1C2084B}.Release|x86.ActiveCfg = Release|Win32
		{DE39CA15-FF2B-4EE5-8535-D534C1C2084B}.Release|x86.Build.0 = Release|Win32
	EndGlobalSection
	GlobalSection(SolutionProperties) = preSolution
		HideSolutionNode = FALSE
	EndGlobalSection
	GlobalSection(ExtensibilityGlobals) = postSolution
		SolutionGuid = {310AD32B-FB60-48BD-9988-705CBB407377}
	EndGlobalSection
EndGlobal
